
Microsoft Visual Studio Solution File, Format Version 12.00
# Visual Studio Version 17
VisualStudioVersion = 17.8.34330.188
MinimumVisualStudioVersion = 10.0.40219.1
Project("{FAE04EC0-301F-11D3-BF4B-00C04F79EFBC}") = "yulia5", "yulia5.csproj", "{3707FF6C-C787-48A7-A8B8-CDB8D2C26B3A}"
EndProject
Global
	GlobalSection(SolutionConfigurationPlatforms) = preSolution
		Debug|Any CPU = Debug|Any CPU
		Release|Any CPU = Release|Any CPU
	EndGlobalSection
	GlobalSection(ProjectConfigurationPlatforms) = postSolution
		{3707FF6C-C787-48A7-A8B8-CDB8D2C26B3A}.Debug|Any CPU.ActiveCfg = Debug|Any CPU
		{3707FF6C-C787-48A7-A8B8-CDB8D2C26B3A}.Debug|Any CPU.Build.0 = Debug|Any CPU
		{3707FF6C-C787-48A7-A8B8-CDB8D2C26B3A}.Release|Any CPU.ActiveCfg = Release|Any CPU
		{3707FF6C-C787-48A7-A8B8-CDB8D2C26B3A}.Release|Any CPU.Build.0 = Release|Any CPU
	EndGlobalSection
	GlobalSection(SolutionProperties) = preSolution
		HideSolutionNode = FALSE
	EndGlobalSection
	GlobalSection(ExtensibilityGlobals) = postSolution
		SolutionGuid = {9B674E5E-6CB5-44C5-9F70-9F4876E11181}
	EndGlobalSection
EndGlobal
